
Microsoft Visual Studio Solution File, Format Version 12.00
# Visual Studio 14
VisualStudioVersion = 14.0.24720.0
MinimumVisualStudioVersion = 10.0.40219.1
Project("{FAE04EC0-301F-11D3-BF4B-00C04F79EFBC}") = "Models", "Models\Models.csproj", "{9A0246C1-0BC7-430B-9BB2-A28476F8ACA0}"
EndProject
Project("{FAE04EC0-301F-11D3-BF4B-00C04F79EFBC}") = "IDAL", "IDAL\IDAL.csproj", "{595EB223-7B5B-42B9-BB98-EE8DEEA24FBF}"
EndProject
Project("{FAE04EC0-301F-11D3-BF4B-00C04F79EFBC}") = "DAL", "DAL\DAL.csproj", "{3F1E0C71-73D4-424A-BC82-539F37435EC4}"
EndProject
Project("{FAE04EC0-301F-11D3-BF4B-00C04F79EFBC}") = "DALFactory", "DALFactory\DALFactory.csproj", "{39011DDB-1075-4660-97A6-73DF70CADFF4}"
EndProject
Project("{FAE04EC0-301F-11D3-BF4B-00C04F79EFBC}") = "BLL", "BLL\BLL.csproj", "{4C3AF02E-7ACA-4230-9DF1-6EDA07767C12}"
EndProject
Project("{FAE04EC0-301F-11D3-BF4B-00C04F79EFBC}") = "Web", "Web\Web.csproj", "{7FD4F4F8-D684-40F0-AD26-294BA30C38A6}"
EndProject
Global
	GlobalSection(SolutionConfigurationPlatforms) = preSolution
		Debug|Any CPU = Debug|Any CPU
		Release|Any CPU = Release|Any CPU
	EndGlobalSection
	GlobalSection(ProjectConfigurationPlatforms) = postSolution
		{9A0246C1-0BC7-430B-9BB2-A28476F8ACA0}.Debug|Any CPU.ActiveCfg = Debug|Any CPU
		{9A0246C1-0BC7-430B-9BB2-A28476F8ACA0}.Debug|Any CPU.Build.0 = Debug|Any CPU
		{9A0246C1-0BC7-430B-9BB2-A28476F8ACA0}.Release|Any CPU.ActiveCfg = Release|Any CPU
		{9A0246C1-0BC7-430B-9BB2-A28476F8ACA0}.Release|Any CPU.Build.0 = Release|Any CPU
		{595EB223-7B5B-42B9-BB98-EE8DEEA24FBF}.Debug|Any CPU.ActiveCfg = Debug|Any CPU
		{595EB223-7B5B-42B9-BB98-EE8DEEA24FBF}.Debug|Any CPU.Build.0 = Debug|Any CPU
		{595EB223-7B5B-42B9-BB98-EE8DEEA24FBF}.Release|Any CPU.ActiveCfg = Release|Any CPU
		{595EB223-7B5B-42B9-BB98-EE8DEEA24FBF}.Release|Any CPU.Build.0 = Release|Any CPU
		{3F1E0C71-73D4-424A-BC82-539F37435EC4}.Debug|Any CPU.ActiveCfg = Debug|Any CPU
		{3F1E0C71-73D4-424A-BC82-539F37435EC4}.Debug|Any CPU.Build.0 = Debug|Any CPU
		{3F1E0C71-73D4-424A-BC82-539F37435EC4}.Release|Any CPU.ActiveCfg = Release|Any CPU
		{3F1E0C71-73D4-424A-BC82-539F37435EC4}.Release|Any CPU.Build.0 = Release|Any CPU
		{39011DDB-1075-4660-97A6-73DF70CADFF4}.Debug|Any CPU.ActiveCfg = Debug|Any CPU
		{39011DDB-1075-4660-97A6-73DF70CADFF4}.Debug|Any CPU.Build.0 = Debug|Any CPU
		{39011DDB-1075-4660-97A6-73DF70CADFF4}.Release|Any CPU.ActiveCfg = Release|Any CPU
		{39011DDB-1075-4660-97A6-73DF70CADFF4}.Release|Any CPU.Build.0 = Release|Any CPU
		{4C3AF02E-7ACA-4230-9DF1-6EDA07767C12}.Debug|Any CPU.ActiveCfg = Debug|Any CPU
		{4C3AF02E-7ACA-4230-9DF1-6EDA07767C12}.Debug|Any CPU.Build.0 = Debug|Any CPU
		{4C3AF02E-7ACA-4230-9DF1-6EDA07767C12}.Release|Any CPU.ActiveCfg = Release|Any CPU
		{4C3AF02E-7ACA-4230-9DF1-6EDA07767C12}.Release|Any CPU.Build.0 = Release|Any CPU
		{7FD4F4F8-D684-40F0-AD26-294BA30C38A6}.Debug|Any CPU.ActiveCfg = Debug|Any CPU
		{7FD4F4F8-D684-40F0-AD26-294BA30C38A6}.Debug|Any CPU.Build.0 = Debug|Any CPU
		{7FD4F4F8-D684-40F0-AD26-294BA30C38A6}.Release|Any CPU.ActiveCfg = Release|Any CPU
		{7FD4F4F8-D684-40F0-AD26-294BA30C38A6}.Release|Any CPU.Build.0 = Release|Any CPU
	EndGlobalSection
	GlobalSection(SolutionProperties) = preSolution
		HideSolutionNode = FALSE
	EndGlobalSection
EndGlobal
